
Microsoft Visual Studio Solution File, Format Version 12.00
# Visual Studio 15
VisualStudioVersion = 15.0.28307.136
MinimumVisualStudioVersion = 10.0.40219.1
Project("{FAE04EC0-301F-11D3-BF4B-00C04F79EFBC}") = "WPF.DependencyInjection", "WPF.DependencyInjection\WPF.DependencyInjection.csproj", "{B38F3107-6CAB-4C29-875B-9C9C4982AA6C}"
EndProject
Global
	GlobalSection(SolutionConfigurationPlatforms) = preSolution
		Debug|Any CPU = Debug|Any CPU
		Release|Any CPU = Release|Any CPU
	EndGlobalSection
	GlobalSection(ProjectConfigurationPlatforms) = postSolution
		{B38F3107-6CAB-4C29-875B-9C9C4982AA6C}.Debug|Any CPU.ActiveCfg = Debug|Any CPU
		{B38F3107-6CAB-4C29-875B-9C9C4982AA6C}.Debug|Any CPU.Build.0 = Debug|Any CPU
		{B38F3107-6CAB-4C29-875B-9C9C4982AA6C}.Release|Any CPU.ActiveCfg = Release|Any CPU
		{B38F3107-6CAB-4C29-875B-9C9C4982AA6C}.Release|Any CPU.Build.0 = Release|Any CPU
	EndGlobalSection
	GlobalSection(SolutionProperties) = preSolution
		HideSolutionNode = FALSE
	EndGlobalSection
	GlobalSection(ExtensibilityGlobals) = postSolution
		SolutionGuid = {0F1654C1-8FE6-42B3-8429-DC95B48FD69F}
	EndGlobalSection
EndGlobal
